// !$*UTF8*$!
{
	archiveVersion = 1;
	classes = {
	};
	objectVersion = 55;
	objects = {

/* Begin PBXBuildFile section */
		FAAD45DE28897BBC00989CC1 /* CalendarTestApp.swift in Sources */ = {isa = PBXBuildFile; fileRef = FAAD45DD28897BBC00989CC1 /* CalendarTestApp.swift */; };
		FAAD45E028897BBC00989CC1 /* ContentView.swift in Sources */ = {isa = PBXBuildFile; fileRef = FAAD45DF28897BBC00989CC1 /* ContentView.swift */; };
		FAAD45E228897BBE00989CC1 /* Assets.xcassets in Resources */ = {isa = PBXBuildFile; fileRef = FAAD45E128897BBE00989CC1 /* Assets.xcassets */; };
		FAAD45E528897BBE00989CC1 /* Preview Assets.xcassets in Resources */ = {isa = PBXBuildFile; fileRef = FAAD45E428897BBE00989CC1 /* Preview Assets.xcassets */; };
		FAAD45EC28897C1E00989CC1 /* CalendarCell.swift in Sources */ = {isa = PBXBuildFile; fileRef = FAAD45EB28897C1E00989CC1 /* CalendarCell.swift */; };
		FAAD45EE28897C3C00989CC1 /* MonthStruct.swift in Sources */ = {isa = PBXBuildFile; fileRef = FAAD45ED28897C3C00989CC1 /* MonthStruct.swift */; };
		FAAD45F028897C5600989CC1 /* DateScrollerView.swift in Sources */ = {isa = PBXBuildFile; fileRef = FAAD45EF28897C5600989CC1 /* DateScrollerView.swift */; };
		FAAD45F228897C7000989CC1 /* CalendarHelper.swift in Sources */ = {isa = PBXBuildFile; fileRef = FAAD45F128897C7000989CC1 /* CalendarHelper.swift */; };
		FAAD45F428897C9300989CC1 /* DateHolder.swift in Sources */ = {isa = PBXBuildFile; fileRef = FAAD45F328897C9300989CC1 /* DateHolder.swift */; };
/* End PBXBuildFile section */

/* Begin PBXFileReference section */
		FAAD45DA28897BBC00989CC1 /* CalendarTest.app */ = {isa = PBXFileReference; explicitFileType = wrapper.application; includeInIndex = 0; path = CalendarTest.app; sourceTree = BUILT_PRODUCTS_DIR; };
		FAAD45DD28897BBC00989CC1 /* CalendarTestApp.swift */ = {isa = PBXFileReference; lastKnownFileType = sourcecode.swift; path = CalendarTestApp.swift; sourceTree = "<group>"; };
		FAAD45DF28897BBC00989CC1 /* ContentView.swift */ = {isa = PBXFileReference; lastKnownFileType = sourcecode.swift; path = ContentView.swift; sourceTree = "<group>"; };
		FAAD45E128897BBE00989CC1 /* Assets.xcassets */ = {isa = PBXFileReference; lastKnownFileType = folder.assetcatalog; path = Assets.xcassets; sourceTree = "<group>"; };
		FAAD45E428897BBE00989CC1 /* Preview Assets.xcassets */ = {isa = PBXFileReference; lastKnownFileType = folder.assetcatalog; path = "Preview Assets.xcassets"; sourceTree = "<group>"; };
		FAAD45EB28897C1E00989CC1 /* CalendarCell.swift */ = {isa = PBXFileReference; lastKnownFileType = sourcecode.swift; path = CalendarCell.swift; sourceTree = "<group>"; };
		FAAD45ED28897C3C00989CC1 /* MonthStruct.swift */ = {isa = PBXFileReference; lastKnownFileType = sourcecode.swift; path = MonthStruct.swift; sourceTree = "<group>"; };
		FAAD45EF28897C5600989CC1 /* DateScrollerView.swift */ = {isa = PBXFileReference; lastKnownFileType = sourcecode.swift; path = DateScrollerView.swift; sourceTree = "<group>"; };
		FAAD45F128897C7000989CC1 /* CalendarHelper.swift */ = {isa = PBXFileReference; lastKnownFileType = sourcecode.swift; path = CalendarHelper.swift; sourceTree = "<group>"; };
		FAAD45F328897C9300989CC1 /* DateHolder.swift */ = {isa = PBXFileReference; lastKnownFileType = sourcecode.swift; path = DateHolder.swift; sourceTree = "<group>"; };
/* End PBXFileReference section */

/* Begin PBXFrameworksBuildPhase section */
		FAAD45D728897BBC00989CC1 /* Frameworks */ = {
			isa = PBXFrameworksBuildPhase;
			buildActionMask = 2147483647;
			files = (
			);
			runOnlyForDeploymentPostprocessing = 0;
		};
/* End PBXFrameworksBuildPhase section */

/* Begin PBXGroup section */
		FAAD45D128897BBC00989CC1 = {
			isa = PBXGroup;
			children = (
				FAAD45DC28897BBC00989CC1 /* CalendarTest */,
				FAAD45DB28897BBC00989CC1 /* Products */,
			);
			sourceTree = "<group>";
		};
		FAAD45DB28897BBC00989CC1 /* Products */ = {
			isa = PBXGroup;
			children = (
				FAAD45DA28897BBC00989CC1 /* CalendarTest.app */,
			);
			name = Products;
			sourceTree = "<group>";
		};
		FAAD45DC28897BBC00989CC1 /* CalendarTest */ = {
			isa = PBXGroup;
			children = (
				FAAD45DD28897BBC00989CC1 /* CalendarTestApp.swift */,
				FAAD45DF28897BBC00989CC1 /* ContentView.swift */,
				FAAD45EB28897C1E00989CC1 /* CalendarCell.swift */,
				FAAD45ED28897C3C00989CC1 /* MonthStruct.swift */,
				FAAD45EF28897C5600989CC1 /* DateScrollerView.swift */,
				FAAD45F128897C7000989CC1 /* CalendarHelper.swift */,
				FAAD45F328897C9300989CC1 /* DateHolder.swift */,
				FAAD45E128897BBE00989CC1 /* Assets.xcassets */,
				FAAD45E328897BBE00989CC1 /* Preview Content */,
			);
			path = CalendarTest;
			sourceTree = "<group>";
		};
		FAAD45E328897BBE00989CC1 /* Preview Content */ = {
			isa = PBXGroup;
			children = (
				FAAD45E428897BBE00989CC1 /* Preview Assets.xcassets */,
			);
			path = "Preview Content";
			sourceTree = "<group>";
		};
/* End PBXGroup section */

/* Begin PBXNativeTarget section */
		FAAD45D928897BBC00989CC1 /* CalendarTest */ = {
			isa = PBXNativeTarget;
			buildConfigurationList = FAAD45E828897BBE00989CC1 /* Build configuration list for PBXNativeTarget "CalendarTest" */;
			buildPhases = (
				FAAD45D628897BBC00989CC1 /* Sources */,
				FAAD45D728897BBC00989CC1 /* Frameworks */,
				FAAD45D828897BBC00989CC1 /* Resources */,
			);
			buildRules = (
			);
			dependencies = (
			);
			name = CalendarTest;
			productName = CalendarTest;
			productReference = FAAD45DA28897BBC00989CC1 /* CalendarTest.app */;
			productType = "com.apple.product-type.application";
		};
/* End PBXNativeTarget section */

/* Begin PBXProject section */
		FAAD45D228897BBC00989CC1 /* Project object */ = {
			isa = PBXProject;
			attributes = {
				BuildIndependentTargetsInParallel = 1;
				LastSwiftUpdateCheck = 1320;
				LastUpgradeCheck = 1320;
				TargetAttributes = {
					FAAD45D928897BBC00989CC1 = {
						CreatedOnToolsVersion = 13.2.1;
					};
				};
			};
			buildConfigurationList = FAAD45D528897BBC00989CC1 /* Build configuration list for PBXProject "CalendarTest" */;
			compatibilityVersion = "Xcode 13.0";
			developmentRegion = en;
			hasScannedForEncodings = 0;
			knownRegions = (
				en,
				Base,
			);
			mainGroup = FAAD45D128897BBC00989CC1;
			productRefGroup = FAAD45DB28897BBC00989CC1 /* Products */;
			projectDirPath = "";
			projectRoot = "";
			targets = (
				FAAD45D928897BBC00989CC1 /* CalendarTest */,
			);
		};
/* End PBXProject section */

/* Begin PBXResourcesBuildPhase section */
		FAAD45D828897BBC00989CC1 /* Resources */ = {
			isa = PBXResourcesBuildPhase;
			buildActionMask = 2147483647;
			files = (
				FAAD45E528897BBE00989CC1 /* Preview Assets.xcassets in Resources */,
				FAAD45E228897BBE00989CC1 /* Assets.xcassets in Resources */,
			);
			runOnlyForDeploymentPostprocessing = 0;
		};
/* End PBXResourcesBuildPhase section */

/* Begin PBXSourcesBuildPhase section */
		FAAD45D628897BBC00989CC1 /* Sources */ = {
			isa = PBXSourcesBuildPhase;
			buildActionMask = 2147483647;
			files = (
				FAAD45F428897C9300989CC1 /* DateHolder.swift in Sources */,
				FAAD45E028897BBC00989CC1 /* ContentView.swift in Sources */,
				FAAD45F228897C7000989CC1 /* CalendarHelper.swift in Sources */,
				FAAD45F028897C5600989CC1 /* DateScrollerView.swift in Sources */,
				FAAD45EC28897C1E00989CC1 /* CalendarCell.swift in Sources */,
				FAAD45DE28897BBC00989CC1 /* CalendarTestApp.swift in Sources */,
				FAAD45EE28897C3C00989CC1 /* MonthStruct.swift in Sources */,
			);
			runOnlyForDeploymentPostprocessing = 0;
		};
/* End PBXSourcesBuildPhase section */

/* Begin XCBuildConfiguration section */
		FAAD45E628897BBE00989CC1 /* Debug */ = {
			isa = XCBuildConfiguration;
			buildSettings = {
				ALWAYS_SEARCH_USER_PATHS = NO;
				CLANG_ANALYZER_NONNULL = YES;
				CLANG_ANALYZER_NUMBER_OBJECT_CONVERSION = YES_AGGRESSIVE;
				CLANG_CXX_LANGUAGE_STANDARD = "gnu++17";
				CLANG_CXX_LIBRARY = "libc++";
				CLANG_ENABLE_MODULES = YES;
				CLANG_ENABLE_OBJC_ARC = YES;
				CLANG_ENABLE_OBJC_WEAK = YES;
				CLANG_WARN_BLOCK_CAPTURE_AUTORELEASING = YES;
				CLANG_WARN_BOOL_CONVERSION = YES;
				CLANG_WARN_COMMA = YES;
				CLANG_WARN_CONSTANT_CONVERSION = YES;
				CLANG_WARN_DEPRECATED_OBJC_IMPLEMENTATIONS = YES;
				CLANG_WARN_DIRECT_OBJC_ISA_USAGE = YES_ERROR;
				CLANG_WARN_DOCUMENTATION_COMMENTS = YES;
				CLANG_WARN_EMPTY_BODY = YES;
				CLANG_WARN_ENUM_CONVERSION = YES;
				CLANG_WARN_INFINITE_RECURSION = YES;
				CLANG_WARN_INT_CONVERSION = YES;
				CLANG_WARN_NON_LITERAL_NULL_CONVERSION = YES;
				CLANG_WARN_OBJC_IMPLICIT_RETAIN_SELF = YES;
				CLANG_WARN_OBJC_LITERAL_CONVERSION = YES;
				CLANG_WARN_OBJC_ROOT_CLASS = YES_ERROR;
				CLANG_WARN_QUOTED_INCLUDE_IN_FRAMEWORK_HEADER = YES;
				CLANG_WARN_RANGE_LOOP_ANALYSIS = YES;
				CLANG_WARN_STRICT_PROTOTYPES = YES;
				CLANG_WARN_SUSPICIOUS_MOVE = YES;
				CLANG_WARN_UNGUARDED_AVAILABILITY = YES_AGGRESSIVE;
				CLANG_WARN_UNREACHABLE_CODE = YES;
				CLANG_WARN__DUPLICATE_METHOD_MATCH = YES;
				COPY_PHASE_STRIP = NO;
				DEBUG_INFORMATION_FORMAT = dwarf;
				ENABLE_STRICT_OBJC_MSGSEND = YES;
				ENABLE_TESTABILITY = YES;
				GCC_C_LANGUAGE_STANDARD = gnu11;
				GCC_DYNAMIC_NO_PIC = NO;
				GCC_NO_COMMON_BLOCKS = YES;
				GCC_OPTIMIZATION_LEVEL = 0;
				GCC_PREPROCESSOR_DEFINITIONS = (
					"DEBUG=1",
					"$(inherited)",
				);
				GCC_WARN_64_TO_32_BIT_CONVERSION = YES;
				GCC_WARN_ABOUT_RETURN_TYPE = YES_ERROR;
				GCC_WARN_UNDECLARED_SELECTOR = YES;
				GCC_WARN_UNINITIALIZED_AUTOS = YES_AGGRESSIVE;
				GCC_WARN_UNUSED_FUNCTION = YES;
				GCC_WARN_UNUSED_VARIABLE = YES;
				IPHONEOS_DEPLOYMENT_TARGET = 15.2;
				MTL_ENABLE_DEBUG_INFO = INCLUDE_SOURCE;
				MTL_FAST_MATH = YES;
				ONLY_ACTIVE_ARCH = YES;
				SDKROOT = iphoneos;
				SWIFT_ACTIVE_COMPILATION_CONDITIONS = DEBUG;
				SWIFT_OPTIMIZATION_LEVEL = "-Onone";
			};
			name = Debug;
		};
		FAAD45E728897BBE00989CC1 /* Release */ = {
			isa = XCBuildConfiguration;
			buildSettings = {
				ALWAYS_SEARCH_USER_PATHS = NO;
				CLANG_ANALYZER_NONNULL = YES;
				CLANG_ANALYZER_NUMBER_OBJECT_CONVERSION = YES_AGGRESSIVE;
				CLANG_CXX_LANGUAGE_STANDARD = "gnu++17";
				CLANG_CXX_LIBRARY = "libc++";
				CLANG_ENABLE_MODULES = YES;
				CLANG_ENABLE_OBJC_ARC = YES;
				CLANG_ENABLE_OBJC_WEAK = YES;
				CLANG_WARN_BLOCK_CAPTURE_AUTORELEASING = YES;
				CLANG_WARN_BOOL_CONVERSION = YES;
				CLANG_WARN_COMMA = YES;
				CLANG_WARN_CONSTANT_CONVERSION = YES;
				CLANG_WARN_DEPRECATED_OBJC_IMPLEMENTATIONS = YES;
				CLANG_WARN_DIRECT_OBJC_ISA_USAGE = YES_ERROR;
				CLANG_WARN_DOCUMENTATION_COMMENTS = YES;
				CLANG_WARN_EMPTY_BODY = YES;
				CLANG_WARN_ENUM_CONVERSION = YES;
				CLANG_WARN_INFINITE_RECURSION = YES;
				CLANG_WARN_INT_CONVERSION = YES;
				CLANG_WARN_NON_LITERAL_NULL_CONVERSION = YES;
				CLANG_WARN_OBJC_IMPLICIT_RETAIN_SELF = YES;
				CLANG_WARN_OBJC_LITERAL_CONVERSION = YES;
				CLANG_WARN_OBJC_ROOT_CLASS = YES_ERROR;
				CLANG_WARN_QUOTED_INCLUDE_IN_FRAMEWORK_HEADER = YES;
				CLANG_WARN_RANGE_LOOP_ANALYSIS = YES;
				CLANG_WARN_STRICT_PROTOTYPES = YES;
				CLANG_WARN_SUSPICIOUS_MOVE = YES;
				CLANG_WARN_UNGUARDED_AVAILABILITY = YES_AGGRESSIVE;
				CLANG_WARN_UNREACHABLE_CODE = YES;
				CLANG_WARN__DUPLICATE_METHOD_MATCH = YES;
				COPY_PHASE_STRIP = NO;
				DEBUG_INFORMATION_FORMAT = "dwarf-with-dsym";
				ENABLE_NS_ASSERTIONS = NO;
				ENABLE_STRICT_OBJC_MSGSEND = YES;
				GCC_C_LANGUAGE_STANDARD = gnu11;
				GCC_NO_COMMON_BLOCKS = YES;
				GCC_WARN_64_TO_32_BIT_CONVERSION = YES;
				GCC_WARN_ABOUT_RETURN_TYPE = YES_ERROR;
				GCC_WARN_UNDECLARED_SELECTOR = YES;
				GCC_WARN_UNINITIALIZED_AUTOS = YES_AGGRESSIVE;
				GCC_WARN_UNUSED_FUNCTION = YES;
				GCC_WARN_UNUSED_VARIABLE = YES;
				IPHONEOS_DEPLOYMENT_TARGET = 15.2;
				MTL_ENABLE_DEBUG_INFO = NO;
				MTL_FAST_MATH = YES;
				SDKROOT = iphoneos;
				SWIFT_COMPILATION_MODE = wholemodule;
				SWIFT_OPTIMIZATION_LEVEL = "-O";
				VALIDATE_PRODUCT = YES;
			};
			name = Release;
		};
		FAAD45E928897BBE00989CC1 /* Debug */ = {
			isa = XCBuildConfiguration;
			buildSettings = {
				ASSETCATALOG_COMPILER_APPICON_NAME = AppIcon;
				ASSETCATALOG_COMPILER_GLOBAL_ACCENT_COLOR_NAME = AccentColor;
				CODE_SIGN_STYLE = Automatic;
				CURRENT_PROJECT_VERSION = 1;
				DEVELOPMENT_ASSET_PATHS = "\"CalendarTest/Preview Content\"";
				DEVELOPMENT_TEAM = GD3TW6RJX3;
				ENABLE_PREVIEWS = YES;
				GENERATE_INFOPLIST_FILE = YES;
				INFOPLIST_KEY_UIApplicationSceneManifest_Generation = YES;
				INFOPLIST_KEY_UIApplicationSupportsIndirectInputEvents = YES;
				INFOPLIST_KEY_UILaunchScreen_Generation = YES;
				INFOPLIST_KEY_UISupportedInterfaceOrientations_iPad = "UIInterfaceOrientationPortrait UIInterfaceOrientationPortraitUpsideDown UIInterfaceOrientationLandscapeLeft UIInterfaceOrientationLandscapeRight";
				INFOPLIST_KEY_UISupportedInterfaceOrientations_iPhone = "UIInterfaceOrientationPortrait UIInterfaceOrientationLandscapeLeft UIInterfaceOrientationLandscapeRight";
				LD_RUNPATH_SEARCH_PATHS = (
					"$(inherited)",
					"@executable_path/Frameworks",
				);
				MARKETING_VERSION = 1.0;
				PRODUCT_BUNDLE_IDENTIFIER = se.jessikagerhardsson.CalendarTest;
				PRODUCT_NAME = "$(TARGET_NAME)";
				SWIFT_EMIT_LOC_STRINGS = YES;
				SWIFT_VERSION = 5.0;
				TARGETED_DEVICE_FAMILY = "1,2";
			};
			name = Debug;
		};
		FAAD45EA28897BBE00989CC1 /* Release */ = {
			isa = XCBuildConfiguration;
			buildSettings = {
				ASSETCATALOG_COMPILER_APPICON_NAME = AppIcon;
				ASSETCATALOG_COMPILER_GLOBAL_ACCENT_COLOR_NAME = AccentColor;
				CODE_SIGN_STYLE = Automatic;
				CURRENT_PROJECT_VERSION = 1;
				DEVELOPMENT_ASSET_PATHS = "\"CalendarTest/Preview Content\"";
				DEVELOPMENT_TEAM = GD3TW6RJX3;
				ENABLE_PREVIEWS = YES;
				GENERATE_INFOPLIST_FILE = YES;
				INFOPLIST_KEY_UIApplicationSceneManifest_Generation = YES;
				INFOPLIST_KEY_UIApplicationSupportsIndirectInputEvents = YES;
				INFOPLIST_KEY_UILaunchScreen_Generation = YES;
				INFOPLIST_KEY_UISupportedInterfaceOrientations_iPad = "UIInterfaceOrientationPortrait UIInterfaceOrientationPortraitUpsideDown UIInterfaceOrientationLandscapeLeft UIInterfaceOrientationLandscapeRight";
				INFOPLIST_KEY_UISupportedInterfaceOrientations_iPhone = "UIInterfaceOrientationPortrait UIInterfaceOrientationLandscapeLeft UIInterfaceOrientationLandscapeRight";
				LD_RUNPATH_SEARCH_PATHS = (
					"$(inherited)",
					"@executable_path/Frameworks",
				);
				MARKETING_VERSION = 1.0;
				PRODUCT_BUNDLE_IDENTIFIER = se.jessikagerhardsson.CalendarTest;
				PRODUCT_NAME = "$(TARGET_NAME)";
				SWIFT_EMIT_LOC_STRINGS = YES;
				SWIFT_VERSION = 5.0;
				TARGETED_DEVICE_FAMILY = "1,2";
			};
			name = Release;
		};
/* End XCBuildConfiguration section */

/* Begin XCConfigurationList section */
		FAAD45D528897BBC00989CC1 /* Build configuration list for PBXProject "CalendarTest" */ = {
			isa = XCConfigurationList;
			buildConfigurations = (
				FAAD45E628897BBE00989CC1 /* Debug */,
				FAAD45E728897BBE00989CC1 /* Release */,
			);
			defaultConfigurationIsVisible = 0;
			defaultConfigurationName = Release;
		};
		FAAD45E828897BBE00989CC1 /* Build configuration list for PBXNativeTarget "CalendarTest" */ = {
			isa = XCConfigurationList;
			buildConfigurations = (
				FAAD45E928897BBE00989CC1 /* Debug */,
				FAAD45EA28897BBE00989CC1 /* Release */,
			);
			defaultConfigurationIsVisible = 0;
			defaultConfigurationName = Release;
		};
/* End XCConfigurationList section */
	};
	rootObject = FAAD45D228897BBC00989CC1 /* Project object */;
}
